// !$*UTF8*$!
{
	archiveVersion = 1;
	classes = {
	};
	objectVersion = 46;
	objects = {

/* Begin PBXBuildFile section */
		B70D50051BD537040089BC2D /* AppDelegate.swift in Sources */ = {isa = PBXBuildFile; fileRef = B70D50041BD537040089BC2D /* AppDelegate.swift */; };
		B70D500A1BD537040089BC2D /* Main.storyboard in Resources */ = {isa = PBXBuildFile; fileRef = B70D50081BD537040089BC2D /* Main.storyboard */; };
		B70D500C1BD537040089BC2D /* Assets.xcassets in Resources */ = {isa = PBXBuildFile; fileRef = B70D500B1BD537040089BC2D /* Assets.xcassets */; };
		B70D500F1BD537040089BC2D /* LaunchScreen.storyboard in Resources */ = {isa = PBXBuildFile; fileRef = B70D500D1BD537040089BC2D /* LaunchScreen.storyboard */; };
		B76661A11BD55CDD00ACDE20 /* ListTableViewController.swift in Sources */ = {isa = PBXBuildFile; fileRef = B76661A01BD55CDD00ACDE20 /* ListTableViewController.swift */; settings = {ASSET_TAGS = (); }; };
		B76661A31BD55DED00ACDE20 /* Site.swift in Sources */ = {isa = PBXBuildFile; fileRef = B76661A21BD55DED00ACDE20 /* Site.swift */; settings = {ASSET_TAGS = (); }; };
		B76661A51BD5662100ACDE20 /* myfile.json in Resources */ = {isa = PBXBuildFile; fileRef = B76661A41BD5662100ACDE20 /* myfile.json */; settings = {ASSET_TAGS = (); }; };
/* End PBXBuildFile section */

/* Begin PBXFileReference section */
		B70D50011BD537040089BC2D /* TheGrailDiary.app */ = {isa = PBXFileReference; explicitFileType = wrapper.application; includeInIndex = 0; path = TheGrailDiary.app; sourceTree = BUILT_PRODUCTS_DIR; };
		B70D50041BD537040089BC2D /* AppDelegate.swift */ = {isa = PBXFileReference; lastKnownFileType = sourcecode.swift; path = AppDelegate.swift; sourceTree = "<group>"; };
		B70D50091BD537040089BC2D /* Base */ = {isa = PBXFileReference; lastKnownFileType = file.storyboard; name = Base; path = Base.lproj/Main.storyboard; sourceTree = "<group>"; };
		B70D500B1BD537040089BC2D /* Assets.xcassets */ = {isa = PBXFileReference; lastKnownFileType = folder.assetcatalog; path = Assets.xcassets; sourceTree = "<group>"; };
		B70D500E1BD537040089BC2D /* Base */ = {isa = PBXFileReference; lastKnownFileType = file.storyboard; name = Base; path = Base.lproj/LaunchScreen.storyboard; sourceTree = "<group>"; };
		B70D50101BD537040089BC2D /* Info.plist */ = {isa = PBXFileReference; lastKnownFileType = text.plist.xml; path = Info.plist; sourceTree = "<group>"; };
		B76661A01BD55CDD00ACDE20 /* ListTableViewController.swift */ = {isa = PBXFileReference; fileEncoding = 4; lastKnownFileType = sourcecode.swift; path = ListTableViewController.swift; sourceTree = "<group>"; };
		B76661A21BD55DED00ACDE20 /* Site.swift */ = {isa = PBXFileReference; fileEncoding = 4; lastKnownFileType = sourcecode.swift; path = Site.swift; sourceTree = "<group>"; };
		B76661A41BD5662100ACDE20 /* myfile.json */ = {isa = PBXFileReference; fileEncoding = 4; lastKnownFileType = text.json; path = myfile.json; sourceTree = "<group>"; };
/* End PBXFileReference section */

/* Begin PBXFrameworksBuildPhase section */
		B70D4FFE1BD537040089BC2D /* Frameworks */ = {
			isa = PBXFrameworksBuildPhase;
			buildActionMask = 2147483647;
			files = (
			);
			runOnlyForDeploymentPostprocessing = 0;
		};
/* End PBXFrameworksBuildPhase section */

/* Begin PBXGroup section */
		B70D4FF81BD537040089BC2D = {
			isa = PBXGroup;
			children = (
				B70D50031BD537040089BC2D /* TheGrailDiary */,
				B70D50021BD537040089BC2D /* Products */,
			);
			sourceTree = "<group>";
		};
		B70D50021BD537040089BC2D /* Products */ = {
			isa = PBXGroup;
			children = (
				B70D50011BD537040089BC2D /* TheGrailDiary.app */,
			);
			name = Products;
			sourceTree = "<group>";
		};
		B70D50031BD537040089BC2D /* TheGrailDiary */ = {
			isa = PBXGroup;
			children = (
				B70D50041BD537040089BC2D /* AppDelegate.swift */,
				B76661A01BD55CDD00ACDE20 /* ListTableViewController.swift */,
				B76661A21BD55DED00ACDE20 /* Site.swift */,
				B70D50081BD537040089BC2D /* Main.storyboard */,
				B70D500B1BD537040089BC2D /* Assets.xcassets */,
				B70D500D1BD537040089BC2D /* LaunchScreen.storyboard */,
				B70D50101BD537040089BC2D /* Info.plist */,
				B76661A41BD5662100ACDE20 /* myfile.json */,
			);
			path = TheGrailDiary;
			sourceTree = "<group>";
		};
/* End PBXGroup section */

/* Begin PBXNativeTarget section */
		B70D50001BD537040089BC2D /* TheGrailDiary */ = {
			isa = PBXNativeTarget;
			buildConfigurationList = B70D50131BD537040089BC2D /* Build configuration list for PBXNativeTarget "TheGrailDiary" */;
			buildPhases = (
				B70D4FFD1BD537040089BC2D /* Sources */,
				B70D4FFE1BD537040089BC2D /* Frameworks */,
				B70D4FFF1BD537040089BC2D /* Resources */,
			);
			buildRules = (
			);
			dependencies = (
			);
			name = TheGrailDiary;
			productName = TheGrailDiary;
			productReference = B70D50011BD537040089BC2D /* TheGrailDiary.app */;
			productType = "com.apple.product-type.application";
		};
/* End PBXNativeTarget section */

/* Begin PBXProject section */
		B70D4FF91BD537040089BC2D /* Project object */ = {
			isa = PBXProject;
			attributes = {
				LastUpgradeCheck = 0700;
				ORGANIZATIONNAME = "The Iron Yard";
				TargetAttributes = {
					B70D50001BD537040089BC2D = {
						CreatedOnToolsVersion = 7.0.1;
					};
				};
			};
			buildConfigurationList = B70D4FFC1BD537040089BC2D /* Build configuration list for PBXProject "TheGrailDiary" */;
			compatibilityVersion = "Xcode 3.2";
			developmentRegion = English;
			hasScannedForEncodings = 0;
			knownRegions = (
				en,
				Base,
			);
			mainGroup = B70D4FF81BD537040089BC2D;
			productRefGroup = B70D50021BD537040089BC2D /* Products */;
			projectDirPath = "";
			projectRoot = "";
			targets = (
				B70D50001BD537040089BC2D /* TheGrailDiary */,
			);
		};
/* End PBXProject section */

/* Begin PBXResourcesBuildPhase section */
		B70D4FFF1BD537040089BC2D /* Resources */ = {
			isa = PBXResourcesBuildPhase;
			buildActionMask = 2147483647;
			files = (
				B70D500F1BD537040089BC2D /* LaunchScreen.storyboard in Resources */,
				B76661A51BD5662100ACDE20 /* myfile.json in Resources */,
				B70D500C1BD537040089BC2D /* Assets.xcassets in Resources */,
				B70D500A1BD537040089BC2D /* Main.storyboard in Resources */,
			);
			runOnlyForDeploymentPostprocessing = 0;
		};
/* End PBXResourcesBuildPhase section */

/* Begin PBXSourcesBuildPhase section */
		B70D4FFD1BD537040089BC2D /* Sources */ = {
			isa = PBXSourcesBuildPhase;
			buildActionMask = 2147483647;
			files = (
				B76661A11BD55CDD00ACDE20 /* ListTableViewController.swift in Sources */,
				B76661A31BD55DED00ACDE20 /* Site.swift in Sources */,
				B70D50051BD537040089BC2D /* AppDelegate.swift in Sources */,
			);
			runOnlyForDeploymentPostprocessing = 0;
		};
/* End PBXSourcesBuildPhase section */

/* Begin PBXVariantGroup section */
		B70D50081BD537040089BC2D /* Main.storyboard */ = {
			isa = PBXVariantGroup;
			children = (
				B70D50091BD537040089BC2D /* Base */,
			);
			name = Main.storyboard;
			sourceTree = "<group>";
		};
		B70D500D1BD537040089BC2D /* LaunchScreen.storyboard */ = {
			isa = PBXVariantGroup;
			children = (
				B70D500E1BD537040089BC2D /* Base */,
			);
			name = LaunchScreen.storyboard;
			sourceTree = "<group>";
		};
/* End PBXVariantGroup section */

/* Begin XCBuildConfiguration section */
		B70D50111BD537040089BC2D /* Debug */ = {
			isa = XCBuildConfiguration;
			buildSettings = {
				ALWAYS_SEARCH_USER_PATHS = NO;
				CLANG_CXX_LANGUAGE_STANDARD = "gnu++0x";
				CLANG_CXX_LIBRARY = "libc++";
				CLANG_ENABLE_MODULES = YES;
				CLANG_ENABLE_OBJC_ARC = YES;
				CLANG_WARN_BOOL_CONVERSION = YES;
				CLANG_WARN_CONSTANT_CONVERSION = YES;
				CLANG_WARN_DIRECT_OBJC_ISA_USAGE = YES_ERROR;
				CLANG_WARN_EMPTY_BODY = YES;
				CLANG_WARN_ENUM_CONVERSION = YES;
				CLANG_WARN_INT_CONVERSION = YES;
				CLANG_WARN_OBJC_ROOT_CLASS = YES_ERROR;
				CLANG_WARN_UNREACHABLE_CODE = YES;
				CLANG_WARN__DUPLICATE_METHOD_MATCH = YES;
				"CODE_SIGN_IDENTITY[sdk=iphoneos*]" = "iPhone Developer";
				COPY_PHASE_STRIP = NO;
				DEBUG_INFORMATION_FORMAT = dwarf;
				ENABLE_STRICT_OBJC_MSGSEND = YES;
				ENABLE_TESTABILITY = YES;
				GCC_C_LANGUAGE_STANDARD = gnu99;
				GCC_DYNAMIC_NO_PIC = NO;
				GCC_NO_COMMON_BLOCKS = YES;
				GCC_OPTIMIZATION_LEVEL = 0;
				GCC_PREPROCESSOR_DEFINITIONS = (
					"DEBUG=1",
					"$(inherited)",
				);
				GCC_WARN_64_TO_32_BIT_CONVERSION = YES;
				GCC_WARN_ABOUT_RETURN_TYPE = YES_ERROR;
				GCC_WARN_UNDECLARED_SELECTOR = YES;
				GCC_WARN_UNINITIALIZED_AUTOS = YES_AGGRESSIVE;
				GCC_WARN_UNUSED_FUNCTION = YES;
				GCC_WARN_UNUSED_VARIABLE = YES;
				IPHONEOS_DEPLOYMENT_TARGET = 9.0;
				MTL_ENABLE_DEBUG_INFO = YES;
				ONLY_ACTIVE_ARCH = YES;
				SDKROOT = iphoneos;
				SWIFT_OPTIMIZATION_LEVEL = "-Onone";
			};
			name = Debug;
		};
		B70D50121BD537040089BC2D /* Release */ = {
			isa = XCBuildConfiguration;
			buildSettings = {
				ALWAYS_SEARCH_USER_PATHS = NO;
				CLANG_CXX_LANGUAGE_STANDARD = "gnu++0x";
				CLANG_CXX_LIBRARY = "libc++";
				CLANG_ENABLE_MODULES = YES;
				CLANG_ENABLE_OBJC_ARC = YES;
				CLANG_WARN_BOOL_CONVERSION = YES;
				CLANG_WARN_CONSTANT_CONVERSION = YES;
				CLANG_WARN_DIRECT_OBJC_ISA_USAGE = YES_ERROR;
				CLANG_WARN_EMPTY_BODY = YES;
				CLANG_WARN_ENUM_CONVERSION = YES;
				CLANG_WARN_INT_CONVERSION = YES;
				CLANG_WARN_OBJC_ROOT_CLASS = YES_ERROR;
				CLANG_WARN_UNREACHABLE_CODE = YES;
				CLANG_WARN__DUPLICATE_METHOD_MATCH = YES;
				"CODE_SIGN_IDENTITY[sdk=iphoneos*]" = "iPhone Developer";
				COPY_PHASE_STRIP = NO;
				DEBUG_INFORMATION_FORMAT = "dwarf-with-dsym";
				ENABLE_NS_ASSERTIONS = NO;
				ENABLE_STRICT_OBJC_MSGSEND = YES;
				GCC_C_LANGUAGE_STANDARD = gnu99;
				GCC_NO_COMMON_BLOCKS = YES;
				GCC_WARN_64_TO_32_BIT_CONVERSION = YES;
				GCC_WARN_ABOUT_RETURN_TYPE = YES_ERROR;
				GCC_WARN_UNDECLARED_SELECTOR = YES;
				GCC_WARN_UNINITIALIZED_AUTOS = YES_AGGRESSIVE;
				GCC_WARN_UNUSED_FUNCTION = YES;
				GCC_WARN_UNUSED_VARIABLE = YES;
				IPHONEOS_DEPLOYMENT_TARGET = 9.0;
				MTL_ENABLE_DEBUG_INFO = NO;
				SDKROOT = iphoneos;
				VALIDATE_PRODUCT = YES;
			};
			name = Release;
		};
		B70D50141BD537040089BC2D /* Debug */ = {
			isa = XCBuildConfiguration;
			buildSettings = {
				ASSETCATALOG_COMPILER_APPICON_NAME = AppIcon;
				INFOPLIST_FILE = TheGrailDiary/Info.plist;
				LD_RUNPATH_SEARCH_PATHS = "$(inherited) @executable_path/Frameworks";
				PRODUCT_BUNDLE_IDENTIFIER = com.tiy.TheGrailDiary;
				PRODUCT_NAME = "$(TARGET_NAME)";
			};
			name = Debug;
		};
		B70D50151BD537040089BC2D /* Release */ = {
			isa = XCBuildConfiguration;
			buildSettings = {
				ASSETCATALOG_COMPILER_APPICON_NAME = AppIcon;
				INFOPLIST_FILE = TheGrailDiary/Info.plist;
				LD_RUNPATH_SEARCH_PATHS = "$(inherited) @executable_path/Frameworks";
				PRODUCT_BUNDLE_IDENTIFIER = com.tiy.TheGrailDiary;
				PRODUCT_NAME = "$(TARGET_NAME)";
			};
			name = Release;
		};
/* End XCBuildConfiguration section */

/* Begin XCConfigurationList section */
		B70D4FFC1BD537040089BC2D /* Build configuration list for PBXProject "TheGrailDiary" */ = {
			isa = XCConfigurationList;
			buildConfigurations = (
				B70D50111BD537040089BC2D /* Debug */,
				B70D50121BD537040089BC2D /* Release */,
			);
			defaultConfigurationIsVisible = 0;
			defaultConfigurationName = Release;
		};
		B70D50131BD537040089BC2D /* Build configuration list for PBXNativeTarget "TheGrailDiary" */ = {
			isa = XCConfigurationList;
			buildConfigurations = (
				B70D50141BD537040089BC2D /* Debug */,
				B70D50151BD537040089BC2D /* Release */,
			);
			defaultConfigurationIsVisible = 0;
			defaultConfigurationName = Release;
		};
/* End XCConfigurationList section */
	};
	rootObject = B70D4FF91BD537040089BC2D /* Project object */;
}
