// !$*UTF8*$!
{
	archiveVersion = 1;
	classes = {
	};
	objectVersion = 46;
	objects = {

/* Begin PBXBuildFile section */
		B7859C391BD9125B003AB2D6 /* AppDelegate.swift in Sources */ = {isa = PBXBuildFile; fileRef = B7859C381BD9125B003AB2D6 /* AppDelegate.swift */; };
		B7859C3E1BD9125B003AB2D6 /* Main.storyboard in Resources */ = {isa = PBXBuildFile; fileRef = B7859C3C1BD9125B003AB2D6 /* Main.storyboard */; };
		B7859C411BD9125B003AB2D6 /* High_Voltage.xcdatamodeld in Sources */ = {isa = PBXBuildFile; fileRef = B7859C3F1BD9125B003AB2D6 /* High_Voltage.xcdatamodeld */; };
		B7859C431BD9125B003AB2D6 /* Assets.xcassets in Resources */ = {isa = PBXBuildFile; fileRef = B7859C421BD9125B003AB2D6 /* Assets.xcassets */; };
		B7859C461BD9125B003AB2D6 /* LaunchScreen.storyboard in Resources */ = {isa = PBXBuildFile; fileRef = B7859C441BD9125B003AB2D6 /* LaunchScreen.storyboard */; };
		B79FCB611BD95CDF0079DB1B /* VoltageTableViewController.swift in Sources */ = {isa = PBXBuildFile; fileRef = B79FCB601BD95CDF0079DB1B /* VoltageTableViewController.swift */; settings = {ASSET_TAGS = (); }; };
		B79FCB631BD966DE0079DB1B /* VoltageListTableViewController.swift in Sources */ = {isa = PBXBuildFile; fileRef = B79FCB621BD966DE0079DB1B /* VoltageListTableViewController.swift */; settings = {ASSET_TAGS = (); }; };
/* End PBXBuildFile section */

/* Begin PBXFileReference section */
		B7859C351BD9125B003AB2D6 /* High-Voltage.app */ = {isa = PBXFileReference; explicitFileType = wrapper.application; includeInIndex = 0; path = "High-Voltage.app"; sourceTree = BUILT_PRODUCTS_DIR; };
		B7859C381BD9125B003AB2D6 /* AppDelegate.swift */ = {isa = PBXFileReference; lastKnownFileType = sourcecode.swift; path = AppDelegate.swift; sourceTree = "<group>"; };
		B7859C3D1BD9125B003AB2D6 /* Base */ = {isa = PBXFileReference; lastKnownFileType = file.storyboard; name = Base; path = Base.lproj/Main.storyboard; sourceTree = "<group>"; };
		B7859C401BD9125B003AB2D6 /* High_Voltage.xcdatamodel */ = {isa = PBXFileReference; lastKnownFileType = wrapper.xcdatamodel; path = High_Voltage.xcdatamodel; sourceTree = "<group>"; };
		B7859C421BD9125B003AB2D6 /* Assets.xcassets */ = {isa = PBXFileReference; lastKnownFileType = folder.assetcatalog; path = Assets.xcassets; sourceTree = "<group>"; };
		B7859C451BD9125B003AB2D6 /* Base */ = {isa = PBXFileReference; lastKnownFileType = file.storyboard; name = Base; path = Base.lproj/LaunchScreen.storyboard; sourceTree = "<group>"; };
		B7859C471BD9125B003AB2D6 /* Info.plist */ = {isa = PBXFileReference; lastKnownFileType = text.plist.xml; path = Info.plist; sourceTree = "<group>"; };
		B79FCB601BD95CDF0079DB1B /* VoltageTableViewController.swift */ = {isa = PBXFileReference; fileEncoding = 4; lastKnownFileType = sourcecode.swift; path = VoltageTableViewController.swift; sourceTree = "<group>"; };
		B79FCB621BD966DE0079DB1B /* VoltageListTableViewController.swift */ = {isa = PBXFileReference; fileEncoding = 4; lastKnownFileType = sourcecode.swift; path = VoltageListTableViewController.swift; sourceTree = "<group>"; };
/* End PBXFileReference section */

/* Begin PBXFrameworksBuildPhase section */
		B7859C321BD9125B003AB2D6 /* Frameworks */ = {
			isa = PBXFrameworksBuildPhase;
			buildActionMask = 2147483647;
			files = (
			);
			runOnlyForDeploymentPostprocessing = 0;
		};
/* End PBXFrameworksBuildPhase section */

/* Begin PBXGroup section */
		B7859C2C1BD9125A003AB2D6 = {
			isa = PBXGroup;
			children = (
				B7859C371BD9125B003AB2D6 /* High-Voltage */,
				B7859C361BD9125B003AB2D6 /* Products */,
			);
			sourceTree = "<group>";
		};
		B7859C361BD9125B003AB2D6 /* Products */ = {
			isa = PBXGroup;
			children = (
				B7859C351BD9125B003AB2D6 /* High-Voltage.app */,
			);
			name = Products;
			sourceTree = "<group>";
		};
		B7859C371BD9125B003AB2D6 /* High-Voltage */ = {
			isa = PBXGroup;
			children = (
				B7859C381BD9125B003AB2D6 /* AppDelegate.swift */,
				B79FCB601BD95CDF0079DB1B /* VoltageTableViewController.swift */,
				B79FCB621BD966DE0079DB1B /* VoltageListTableViewController.swift */,
				B7859C3C1BD9125B003AB2D6 /* Main.storyboard */,
				B7859C421BD9125B003AB2D6 /* Assets.xcassets */,
				B7859C441BD9125B003AB2D6 /* LaunchScreen.storyboard */,
				B7859C471BD9125B003AB2D6 /* Info.plist */,
				B7859C3F1BD9125B003AB2D6 /* High_Voltage.xcdatamodeld */,
			);
			path = "High-Voltage";
			sourceTree = "<group>";
		};
/* End PBXGroup section */

/* Begin PBXNativeTarget section */
		B7859C341BD9125B003AB2D6 /* High-Voltage */ = {
			isa = PBXNativeTarget;
			buildConfigurationList = B7859C4A1BD9125B003AB2D6 /* Build configuration list for PBXNativeTarget "High-Voltage" */;
			buildPhases = (
				B7859C311BD9125B003AB2D6 /* Sources */,
				B7859C321BD9125B003AB2D6 /* Frameworks */,
				B7859C331BD9125B003AB2D6 /* Resources */,
			);
			buildRules = (
			);
			dependencies = (
			);
			name = "High-Voltage";
			productName = "High-Voltage";
			productReference = B7859C351BD9125B003AB2D6 /* High-Voltage.app */;
			productType = "com.apple.product-type.application";
		};
/* End PBXNativeTarget section */

/* Begin PBXProject section */
		B7859C2D1BD9125A003AB2D6 /* Project object */ = {
			isa = PBXProject;
			attributes = {
				LastUpgradeCheck = 0700;
				ORGANIZATIONNAME = "The Iron Yard";
				TargetAttributes = {
					B7859C341BD9125B003AB2D6 = {
						CreatedOnToolsVersion = 7.0.1;
					};
				};
			};
			buildConfigurationList = B7859C301BD9125A003AB2D6 /* Build configuration list for PBXProject "High-Voltage" */;
			compatibilityVersion = "Xcode 3.2";
			developmentRegion = English;
			hasScannedForEncodings = 0;
			knownRegions = (
				en,
				Base,
			);
			mainGroup = B7859C2C1BD9125A003AB2D6;
			productRefGroup = B7859C361BD9125B003AB2D6 /* Products */;
			projectDirPath = "";
			projectRoot = "";
			targets = (
				B7859C341BD9125B003AB2D6 /* High-Voltage */,
			);
		};
/* End PBXProject section */

/* Begin PBXResourcesBuildPhase section */
		B7859C331BD9125B003AB2D6 /* Resources */ = {
			isa = PBXResourcesBuildPhase;
			buildActionMask = 2147483647;
			files = (
				B7859C461BD9125B003AB2D6 /* LaunchScreen.storyboard in Resources */,
				B7859C431BD9125B003AB2D6 /* Assets.xcassets in Resources */,
				B7859C3E1BD9125B003AB2D6 /* Main.storyboard in Resources */,
			);
			runOnlyForDeploymentPostprocessing = 0;
		};
/* End PBXResourcesBuildPhase section */

/* Begin PBXSourcesBuildPhase section */
		B7859C311BD9125B003AB2D6 /* Sources */ = {
			isa = PBXSourcesBuildPhase;
			buildActionMask = 2147483647;
			files = (
				B79FCB631BD966DE0079DB1B /* VoltageListTableViewController.swift in Sources */,
				B7859C411BD9125B003AB2D6 /* High_Voltage.xcdatamodeld in Sources */,
				B7859C391BD9125B003AB2D6 /* AppDelegate.swift in Sources */,
				B79FCB611BD95CDF0079DB1B /* VoltageTableViewController.swift in Sources */,
			);
			runOnlyForDeploymentPostprocessing = 0;
		};
/* End PBXSourcesBuildPhase section */

/* Begin PBXVariantGroup section */
		B7859C3C1BD9125B003AB2D6 /* Main.storyboard */ = {
			isa = PBXVariantGroup;
			children = (
				B7859C3D1BD9125B003AB2D6 /* Base */,
			);
			name = Main.storyboard;
			sourceTree = "<group>";
		};
		B7859C441BD9125B003AB2D6 /* LaunchScreen.storyboard */ = {
			isa = PBXVariantGroup;
			children = (
				B7859C451BD9125B003AB2D6 /* Base */,
			);
			name = LaunchScreen.storyboard;
			sourceTree = "<group>";
		};
/* End PBXVariantGroup section */

/* Begin XCBuildConfiguration section */
		B7859C481BD9125B003AB2D6 /* Debug */ = {
			isa = XCBuildConfiguration;
			buildSettings = {
				ALWAYS_SEARCH_USER_PATHS = NO;
				CLANG_CXX_LANGUAGE_STANDARD = "gnu++0x";
				CLANG_CXX_LIBRARY = "libc++";
				CLANG_ENABLE_MODULES = YES;
				CLANG_ENABLE_OBJC_ARC = YES;
				CLANG_WARN_BOOL_CONVERSION = YES;
				CLANG_WARN_CONSTANT_CONVERSION = YES;
				CLANG_WARN_DIRECT_OBJC_ISA_USAGE = YES_ERROR;
				CLANG_WARN_EMPTY_BODY = YES;
				CLANG_WARN_ENUM_CONVERSION = YES;
				CLANG_WARN_INT_CONVERSION = YES;
				CLANG_WARN_OBJC_ROOT_CLASS = YES_ERROR;
				CLANG_WARN_UNREACHABLE_CODE = YES;
				CLANG_WARN__DUPLICATE_METHOD_MATCH = YES;
				"CODE_SIGN_IDENTITY[sdk=iphoneos*]" = "iPhone Developer";
				COPY_PHASE_STRIP = NO;
				DEBUG_INFORMATION_FORMAT = dwarf;
				ENABLE_STRICT_OBJC_MSGSEND = YES;
				ENABLE_TESTABILITY = YES;
				GCC_C_LANGUAGE_STANDARD = gnu99;
				GCC_DYNAMIC_NO_PIC = NO;
				GCC_NO_COMMON_BLOCKS = YES;
				GCC_OPTIMIZATION_LEVEL = 0;
				GCC_PREPROCESSOR_DEFINITIONS = (
					"DEBUG=1",
					"$(inherited)",
				);
				GCC_WARN_64_TO_32_BIT_CONVERSION = YES;
				GCC_WARN_ABOUT_RETURN_TYPE = YES_ERROR;
				GCC_WARN_UNDECLARED_SELECTOR = YES;
				GCC_WARN_UNINITIALIZED_AUTOS = YES_AGGRESSIVE;
				GCC_WARN_UNUSED_FUNCTION = YES;
				GCC_WARN_UNUSED_VARIABLE = YES;
				IPHONEOS_DEPLOYMENT_TARGET = 9.0;
				MTL_ENABLE_DEBUG_INFO = YES;
				ONLY_ACTIVE_ARCH = YES;
				SDKROOT = iphoneos;
				SWIFT_OPTIMIZATION_LEVEL = "-Onone";
			};
			name = Debug;
		};
		B7859C491BD9125B003AB2D6 /* Release */ = {
			isa = XCBuildConfiguration;
			buildSettings = {
				ALWAYS_SEARCH_USER_PATHS = NO;
				CLANG_CXX_LANGUAGE_STANDARD = "gnu++0x";
				CLANG_CXX_LIBRARY = "libc++";
				CLANG_ENABLE_MODULES = YES;
				CLANG_ENABLE_OBJC_ARC = YES;
				CLANG_WARN_BOOL_CONVERSION = YES;
				CLANG_WARN_CONSTANT_CONVERSION = YES;
				CLANG_WARN_DIRECT_OBJC_ISA_USAGE = YES_ERROR;
				CLANG_WARN_EMPTY_BODY = YES;
				CLANG_WARN_ENUM_CONVERSION = YES;
				CLANG_WARN_INT_CONVERSION = YES;
				CLANG_WARN_OBJC_ROOT_CLASS = YES_ERROR;
				CLANG_WARN_UNREACHABLE_CODE = YES;
				CLANG_WARN__DUPLICATE_METHOD_MATCH = YES;
				"CODE_SIGN_IDENTITY[sdk=iphoneos*]" = "iPhone Developer";
				COPY_PHASE_STRIP = NO;
				DEBUG_INFORMATION_FORMAT = "dwarf-with-dsym";
				ENABLE_NS_ASSERTIONS = NO;
				ENABLE_STRICT_OBJC_MSGSEND = YES;
				GCC_C_LANGUAGE_STANDARD = gnu99;
				GCC_NO_COMMON_BLOCKS = YES;
				GCC_WARN_64_TO_32_BIT_CONVERSION = YES;
				GCC_WARN_ABOUT_RETURN_TYPE = YES_ERROR;
				GCC_WARN_UNDECLARED_SELECTOR = YES;
				GCC_WARN_UNINITIALIZED_AUTOS = YES_AGGRESSIVE;
				GCC_WARN_UNUSED_FUNCTION = YES;
				GCC_WARN_UNUSED_VARIABLE = YES;
				IPHONEOS_DEPLOYMENT_TARGET = 9.0;
				MTL_ENABLE_DEBUG_INFO = NO;
				SDKROOT = iphoneos;
				VALIDATE_PRODUCT = YES;
			};
			name = Release;
		};
		B7859C4B1BD9125B003AB2D6 /* Debug */ = {
			isa = XCBuildConfiguration;
			buildSettings = {
				ASSETCATALOG_COMPILER_APPICON_NAME = AppIcon;
				INFOPLIST_FILE = "High-Voltage/Info.plist";
				LD_RUNPATH_SEARCH_PATHS = "$(inherited) @executable_path/Frameworks";
				PRODUCT_BUNDLE_IDENTIFIER = "com.tiy.High-Voltage";
				PRODUCT_NAME = "$(TARGET_NAME)";
			};
			name = Debug;
		};
		B7859C4C1BD9125B003AB2D6 /* Release */ = {
			isa = XCBuildConfiguration;
			buildSettings = {
				ASSETCATALOG_COMPILER_APPICON_NAME = AppIcon;
				INFOPLIST_FILE = "High-Voltage/Info.plist";
				LD_RUNPATH_SEARCH_PATHS = "$(inherited) @executable_path/Frameworks";
				PRODUCT_BUNDLE_IDENTIFIER = "com.tiy.High-Voltage";
				PRODUCT_NAME = "$(TARGET_NAME)";
			};
			name = Release;
		};
/* End XCBuildConfiguration section */

/* Begin XCConfigurationList section */
		B7859C301BD9125A003AB2D6 /* Build configuration list for PBXProject "High-Voltage" */ = {
			isa = XCConfigurationList;
			buildConfigurations = (
				B7859C481BD9125B003AB2D6 /* Debug */,
				B7859C491BD9125B003AB2D6 /* Release */,
			);
			defaultConfigurationIsVisible = 0;
			defaultConfigurationName = Release;
		};
		B7859C4A1BD9125B003AB2D6 /* Build configuration list for PBXNativeTarget "High-Voltage" */ = {
			isa = XCConfigurationList;
			buildConfigurations = (
				B7859C4B1BD9125B003AB2D6 /* Debug */,
				B7859C4C1BD9125B003AB2D6 /* Release */,
			);
			defaultConfigurationIsVisible = 0;
			defaultConfigurationName = Release;
		};
/* End XCConfigurationList section */

/* Begin XCVersionGroup section */
		B7859C3F1BD9125B003AB2D6 /* High_Voltage.xcdatamodeld */ = {
			isa = XCVersionGroup;
			children = (
				B7859C401BD9125B003AB2D6 /* High_Voltage.xcdatamodel */,
			);
			currentVersion = B7859C401BD9125B003AB2D6 /* High_Voltage.xcdatamodel */;
			path = High_Voltage.xcdatamodeld;
			sourceTree = "<group>";
			versionGroupType = wrapper.xcdatamodel;
		};
/* End XCVersionGroup section */
	};
	rootObject = B7859C2D1BD9125A003AB2D6 /* Project object */;
}
